
Microsoft Visual Studio Solution File, Format Version 12.00
# Visual Studio Version 16
VisualStudioVersion = 16.0.29025.244
MinimumVisualStudioVersion = 10.0.40219.1
Project("{9A19103F-16F7-4668-BE54-9A1E7A4F7556}") = "PesiFirstApp.API", "git22\PesiFirstApp.API\PesiFirstApp.API.csproj", "{772786F7-B48F-43C8-9D85-F0B333879AEC}"
EndProject
Global
	GlobalSection(SolutionConfigurationPlatforms) = preSolution
		Debug|Any CPU = Debug|Any CPU
		Release|Any CPU = Release|Any CPU
	EndGlobalSection
	GlobalSection(ProjectConfigurationPlatforms) = postSolution
		{772786F7-B48F-43C8-9D85-F0B333879AEC}.Debug|Any CPU.ActiveCfg = Debug|Any CPU
		{772786F7-B48F-43C8-9D85-F0B333879AEC}.Debug|Any CPU.Build.0 = Debug|Any CPU
		{772786F7-B48F-43C8-9D85-F0B333879AEC}.Release|Any CPU.ActiveCfg = Release|Any CPU
		{772786F7-B48F-43C8-9D85-F0B333879AEC}.Release|Any CPU.Build.0 = Release|Any CPU
	EndGlobalSection
	GlobalSection(SolutionProperties) = preSolution
		HideSolutionNode = FALSE
	EndGlobalSection
	GlobalSection(ExtensibilityGlobals) = postSolution
		SolutionGuid = {67E77F4F-ECAD-48C3-9C28-F8D366BD4C0F}
	EndGlobalSection
EndGlobal
